
Microsoft Visual Studio Solution File, Format Version 12.00
# Visual Studio Version 16
VisualStudioVersion = 16.0.29424.173
MinimumVisualStudioVersion = 10.0.40219.1
Project("{FAE04EC0-301F-11D3-BF4B-00C04F79EFBC}") = "Шаверма мейкер", "Шаверма мейкер.csproj", "{99D6B21B-6820-4169-BE45-C1612EBEE8EC}"
EndProject
Global
	GlobalSection(SolutionConfigurationPlatforms) = preSolution
		Debug|Any CPU = Debug|Any CPU
		Release|Any CPU = Release|Any CPU
	EndGlobalSection
	GlobalSection(ProjectConfigurationPlatforms) = postSolution
		{99D6B21B-6820-4169-BE45-C1612EBEE8EC}.Debug|Any CPU.ActiveCfg = Debug|Any CPU
		{99D6B21B-6820-4169-BE45-C1612EBEE8EC}.Debug|Any CPU.Build.0 = Debug|Any CPU
		{99D6B21B-6820-4169-BE45-C1612EBEE8EC}.Release|Any CPU.ActiveCfg = Release|Any CPU
		{99D6B21B-6820-4169-BE45-C1612EBEE8EC}.Release|Any CPU.Build.0 = Release|Any CPU
	EndGlobalSection
	GlobalSection(SolutionProperties) = preSolution
		HideSolutionNode = FALSE
	EndGlobalSection
	GlobalSection(ExtensibilityGlobals) = postSolution
		SolutionGuid = {80C84E3B-0BD1-491B-AECB-AFF2DACB43D0}
	EndGlobalSection
EndGlobal
